
Microsoft Visual Studio Solution File, Format Version 12.00
# Visual Studio Version 16
VisualStudioVersion = 16.0.28803.202
MinimumVisualStudioVersion = 10.0.40219.1
Project("{FAE04EC0-301F-11D3-BF4B-00C04F79EFBC}") = "TaxiCity.Android", "TaxiCity\TaxiCity.Android\TaxiCity.Android.csproj", "{702CC993-929C-493C-96F0-F2170351E417}"
EndProject
Project("{FAE04EC0-301F-11D3-BF4B-00C04F79EFBC}") = "TaxiCity.iOS", "TaxiCity\TaxiCity.iOS\TaxiCity.iOS.csproj", "{18293894-DD2D-4127-A95C-17CCC59B3659}"
EndProject
Project("{FAE04EC0-301F-11D3-BF4B-00C04F79EFBC}") = "TaxiCity", "TaxiCity\TaxiCity\TaxiCity.csproj", "{7A9C4ABC-458D-42EC-A70D-4E2C3D8682D1}"
EndProject
Global
	GlobalSection(SolutionConfigurationPlatforms) = preSolution
		Debug|Any CPU = Debug|Any CPU
		Debug|iPhone = Debug|iPhone
		Debug|iPhoneSimulator = Debug|iPhoneSimulator
		Release|Any CPU = Release|Any CPU
		Release|iPhone = Release|iPhone
		Release|iPhoneSimulator = Release|iPhoneSimulator
	EndGlobalSection
	GlobalSection(ProjectConfigurationPlatforms) = postSolution
		{702CC993-929C-493C-96F0-F2170351E417}.Debug|Any CPU.ActiveCfg = Debug|Any CPU
		{702CC993-929C-493C-96F0-F2170351E417}.Debug|Any CPU.Build.0 = Debug|Any CPU
		{702CC993-929C-493C-96F0-F2170351E417}.Debug|Any CPU.Deploy.0 = Debug|Any CPU
		{702CC993-929C-493C-96F0-F2170351E417}.Debug|iPhone.ActiveCfg = Debug|Any CPU
		{702CC993-929C-493C-96F0-F2170351E417}.Debug|iPhone.Build.0 = Debug|Any CPU
		{702CC993-929C-493C-96F0-F2170351E417}.Debug|iPhone.Deploy.0 = Debug|Any CPU
		{702CC993-929C-493C-96F0-F2170351E417}.Debug|iPhoneSimulator.ActiveCfg = Debug|Any CPU
		{702CC993-929C-493C-96F0-F2170351E417}.Debug|iPhoneSimulator.Build.0 = Debug|Any CPU
		{702CC993-929C-493C-96F0-F2170351E417}.Debug|iPhoneSimulator.Deploy.0 = Debug|Any CPU
		{702CC993-929C-493C-96F0-F2170351E417}.Release|Any CPU.ActiveCfg = Release|Any CPU
		{702CC993-929C-493C-96F0-F2170351E417}.Release|Any CPU.Build.0 = Release|Any CPU
		{702CC993-929C-493C-96F0-F2170351E417}.Release|Any CPU.Deploy.0 = Release|Any CPU
		{702CC993-929C-493C-96F0-F2170351E417}.Release|iPhone.ActiveCfg = Release|Any CPU
		{702CC993-929C-493C-96F0-F2170351E417}.Release|iPhone.Build.0 = Release|Any CPU
		{702CC993-929C-493C-96F0-F2170351E417}.Release|iPhone.Deploy.0 = Release|Any CPU
		{702CC993-929C-493C-96F0-F2170351E417}.Release|iPhoneSimulator.ActiveCfg = Release|Any CPU
		{702CC993-929C-493C-96F0-F2170351E417}.Release|iPhoneSimulator.Build.0 = Release|Any CPU
		{702CC993-929C-493C-96F0-F2170351E417}.Release|iPhoneSimulator.Deploy.0 = Release|Any CPU
		{18293894-DD2D-4127-A95C-17CCC59B3659}.Debug|Any CPU.ActiveCfg = Debug|iPhoneSimulator
		{18293894-DD2D-4127-A95C-17CCC59B3659}.Debug|Any CPU.Build.0 = Debug|iPhoneSimulator
		{18293894-DD2D-4127-A95C-17CCC59B3659}.Debug|Any CPU.Deploy.0 = Debug|iPhoneSimulator
		{18293894-DD2D-4127-A95C-17CCC59B3659}.Debug|iPhone.ActiveCfg = Debug|iPhone
		{18293894-DD2D-4127-A95C-17CCC59B3659}.Debug|iPhone.Build.0 = Debug|iPhone
		{18293894-DD2D-4127-A95C-17CCC59B3659}.Debug|iPhone.Deploy.0 = Debug|iPhone
		{18293894-DD2D-4127-A95C-17CCC59B3659}.Debug|iPhoneSimulator.ActiveCfg = Debug|iPhoneSimulator
		{18293894-DD2D-4127-A95C-17CCC59B3659}.Debug|iPhoneSimulator.Build.0 = Debug|iPhoneSimulator
		{18293894-DD2D-4127-A95C-17CCC59B3659}.Debug|iPhoneSimulator.Deploy.0 = Debug|iPhoneSimulator
		{18293894-DD2D-4127-A95C-17CCC59B3659}.Release|Any CPU.ActiveCfg = Release|iPhone
		{18293894-DD2D-4127-A95C-17CCC59B3659}.Release|Any CPU.Build.0 = Release|iPhone
		{18293894-DD2D-4127-A95C-17CCC59B3659}.Release|Any CPU.Deploy.0 = Release|iPhone
		{18293894-DD2D-4127-A95C-17CCC59B3659}.Release|iPhone.ActiveCfg = Release|iPhone
		{18293894-DD2D-4127-A95C-17CCC59B3659}.Release|iPhone.Build.0 = Release|iPhone
		{18293894-DD2D-4127-A95C-17CCC59B3659}.Release|iPhone.Deploy.0 = Release|iPhone
		{18293894-DD2D-4127-A95C-17CCC59B3659}.Release|iPhoneSimulator.ActiveCfg = Release|iPhoneSimulator
		{18293894-DD2D-4127-A95C-17CCC59B3659}.Release|iPhoneSimulator.Build.0 = Release|iPhoneSimulator
		{18293894-DD2D-4127-A95C-17CCC59B3659}.Release|iPhoneSimulator.Deploy.0 = Release|iPhoneSimulator
		{7A9C4ABC-458D-42EC-A70D-4E2C3D8682D1}.Debug|Any CPU.ActiveCfg = Debug|Any CPU
		{7A9C4ABC-458D-42EC-A70D-4E2C3D8682D1}.Debug|Any CPU.Build.0 = Debug|Any CPU
		{7A9C4ABC-458D-42EC-A70D-4E2C3D8682D1}.Debug|Any CPU.Deploy.0 = Debug|Any CPU
		{7A9C4ABC-458D-42EC-A70D-4E2C3D8682D1}.Debug|iPhone.ActiveCfg = Debug|Any CPU
		{7A9C4ABC-458D-42EC-A70D-4E2C3D8682D1}.Debug|iPhone.Build.0 = Debug|Any CPU
		{7A9C4ABC-458D-42EC-A70D-4E2C3D8682D1}.Debug|iPhone.Deploy.0 = Debug|Any CPU
		{7A9C4ABC-458D-42EC-A70D-4E2C3D8682D1}.Debug|iPhoneSimulator.ActiveCfg = Debug|Any CPU
		{7A9C4ABC-458D-42EC-A70D-4E2C3D8682D1}.Debug|iPhoneSimulator.Build.0 = Debug|Any CPU
		{7A9C4ABC-458D-42EC-A70D-4E2C3D8682D1}.Debug|iPhoneSimulator.Deploy.0 = Debug|Any CPU
		{7A9C4ABC-458D-42EC-A70D-4E2C3D8682D1}.Release|Any CPU.ActiveCfg = Release|Any CPU
		{7A9C4ABC-458D-42EC-A70D-4E2C3D8682D1}.Release|Any CPU.Build.0 = Release|Any CPU
		{7A9C4ABC-458D-42EC-A70D-4E2C3D8682D1}.Release|Any CPU.Deploy.0 = Release|Any CPU
		{7A9C4ABC-458D-42EC-A70D-4E2C3D8682D1}.Release|iPhone.ActiveCfg = Release|Any CPU
		{7A9C4ABC-458D-42EC-A70D-4E2C3D8682D1}.Release|iPhone.Build.0 = Release|Any CPU
		{7A9C4ABC-458D-42EC-A70D-4E2C3D8682D1}.Release|iPhone.Deploy.0 = Release|Any CPU
		{7A9C4ABC-458D-42EC-A70D-4E2C3D8682D1}.Release|iPhoneSimulator.ActiveCfg = Release|Any CPU
		{7A9C4ABC-458D-42EC-A70D-4E2C3D8682D1}.Release|iPhoneSimulator.Build.0 = Release|Any CPU
		{7A9C4ABC-458D-42EC-A70D-4E2C3D8682D1}.Release|iPhoneSimulator.Deploy.0 = Release|Any CPU
	EndGlobalSection
	GlobalSection(SolutionProperties) = preSolution
		HideSolutionNode = FALSE
	EndGlobalSection
	GlobalSection(ExtensibilityGlobals) = postSolution
		SolutionGuid = {885053FA-1FBA-4DFC-9A1C-C40331BBF2A7}
	EndGlobalSection
EndGlobal
